
Microsoft Visual Studio Solution File, Format Version 12.00
# Visual Studio Version 17
VisualStudioVersion = 17.11.35219.272
MinimumVisualStudioVersion = 10.0.40219.1
Project("{FAE04EC0-301F-11D3-BF4B-00C04F79EFBC}") = "Advanced_switch_case", "Advanced_switch_case\Advanced_switch_case.csproj", "{20701546-E54D-479E-92FA-9DA5DBBAF029}"
EndProject
Global
	GlobalSection(SolutionConfigurationPlatforms) = preSolution
		Debug|Any CPU = Debug|Any CPU
		Release|Any CPU = Release|Any CPU
	EndGlobalSection
	GlobalSection(ProjectConfigurationPlatforms) = postSolution
		{20701546-E54D-479E-92FA-9DA5DBBAF029}.Debug|Any CPU.ActiveCfg = Debug|Any CPU
		{20701546-E54D-479E-92FA-9DA5DBBAF029}.Debug|Any CPU.Build.0 = Debug|Any CPU
		{20701546-E54D-479E-92FA-9DA5DBBAF029}.Release|Any CPU.ActiveCfg = Release|Any CPU
		{20701546-E54D-479E-92FA-9DA5DBBAF029}.Release|Any CPU.Build.0 = Release|Any CPU
	EndGlobalSection
	GlobalSection(SolutionProperties) = preSolution
		HideSolutionNode = FALSE
	EndGlobalSection
	GlobalSection(ExtensibilityGlobals) = postSolution
		SolutionGuid = {A37F7DDD-CC7D-4379-80E6-E288C178F5B3}
	EndGlobalSection
EndGlobal
